// !$*UTF8*$!
{
	archiveVersion = 1;
	classes = {
	};
	objectVersion = 77;
	objects = {

/* Begin PBXContainerItemProxy section */
		2E01F2422CE5A8FD00F6E27C /* PBXContainerItemProxy */ = {
			isa = PBXContainerItemProxy;
			containerPortal = 2E01F2292CE5A8FB00F6E27C /* Project object */;
			proxyType = 1;
			remoteGlobalIDString = 2E01F2302CE5A8FB00F6E27C;
			remoteInfo = Cute_App;
		};
		2E01F24C2CE5A8FE00F6E27C /* PBXContainerItemProxy */ = {
			isa = PBXContainerItemProxy;
			containerPortal = 2E01F2292CE5A8FB00F6E27C /* Project object */;
			proxyType = 1;
			remoteGlobalIDString = 2E01F2302CE5A8FB00F6E27C;
			remoteInfo = Cute_App;
		};
/* End PBXContainerItemProxy section */

/* Begin PBXFileReference section */
		2E01F2312CE5A8FB00F6E27C /* Cute_App.app */ = {isa = PBXFileReference; explicitFileType = wrapper.application; includeInIndex = 0; path = Cute_App.app; sourceTree = BUILT_PRODUCTS_DIR; };
		2E01F2412CE5A8FD00F6E27C /* Cute_AppTests.xctest */ = {isa = PBXFileReference; explicitFileType = wrapper.cfbundle; includeInIndex = 0; path = Cute_AppTests.xctest; sourceTree = BUILT_PRODUCTS_DIR; };
		2E01F24B2CE5A8FE00F6E27C /* Cute_AppUITests.xctest */ = {isa = PBXFileReference; explicitFileType = wrapper.cfbundle; includeInIndex = 0; path = Cute_AppUITests.xctest; sourceTree = BUILT_PRODUCTS_DIR; };
/* End PBXFileReference section */

/* Begin PBXFileSystemSynchronizedRootGroup section */
		2E01F2332CE5A8FB00F6E27C /* Cute_App */ = {
			isa = PBXFileSystemSynchronizedRootGroup;
			path = Cute_App;
			sourceTree = "<group>";
		};
		2E01F2442CE5A8FD00F6E27C /* Cute_AppTests */ = {
			isa = PBXFileSystemSynchronizedRootGroup;
			path = Cute_AppTests;
			sourceTree = "<group>";
		};
		2E01F24E2CE5A8FE00F6E27C /* Cute_AppUITests */ = {
			isa = PBXFileSystemSynchronizedRootGroup;
			path = Cute_AppUITests;
			sourceTree = "<group>";
		};
/* End PBXFileSystemSynchronizedRootGroup section */

/* Begin PBXFrameworksBuildPhase section */
		2E01F22E2CE5A8FB00F6E27C /* Frameworks */ = {
			isa = PBXFrameworksBuildPhase;
			buildActionMask = 2147483647;
			files = (
			);
			runOnlyForDeploymentPostprocessing = 0;
		};
		2E01F23E2CE5A8FD00F6E27C /* Frameworks */ = {
			isa = PBXFrameworksBuildPhase;
			buildActionMask = 2147483647;
			files = (
			);
			runOnlyForDeploymentPostprocessing = 0;
		};
		2E01F2482CE5A8FE00F6E27C /* Frameworks */ = {
			isa = PBXFrameworksBuildPhase;
			buildActionMask = 2147483647;
			files = (
			);
			runOnlyForDeploymentPostprocessing = 0;
		};
/* End PBXFrameworksBuildPhase section */

/* Begin PBXGroup section */
		2E01F2282CE5A8FB00F6E27C = {
			isa = PBXGroup;
			children = (
				2E01F2332CE5A8FB00F6E27C /* Cute_App */,
				2E01F2442CE5A8FD00F6E27C /* Cute_AppTests */,
				2E01F24E2CE5A8FE00F6E27C /* Cute_AppUITests */,
				2E01F2322CE5A8FB00F6E27C /* Products */,
			);
			sourceTree = "<group>";
		};
		2E01F2322CE5A8FB00F6E27C /* Products */ = {
			isa = PBXGroup;
			children = (
				2E01F2312CE5A8FB00F6E27C /* Cute_App.app */,
				2E01F2412CE5A8FD00F6E27C /* Cute_AppTests.xctest */,
				2E01F24B2CE5A8FE00F6E27C /* Cute_AppUITests.xctest */,
			);
			name = Products;
			sourceTree = "<group>";
		};
/* End PBXGroup section */

/* Begin PBXNativeTarget section */
		2E01F2302CE5A8FB00F6E27C /* Cute_App */ = {
			isa = PBXNativeTarget;
			buildConfigurationList = 2E01F2552CE5A8FE00F6E27C /* Build configuration list for PBXNativeTarget "Cute_App" */;
			buildPhases = (
				2E01F22D2CE5A8FB00F6E27C /* Sources */,
				2E01F22E2CE5A8FB00F6E27C /* Frameworks */,
				2E01F22F2CE5A8FB00F6E27C /* Resources */,
			);
			buildRules = (
			);
			dependencies = (
			);
			fileSystemSynchronizedGroups = (
				2E01F2332CE5A8FB00F6E27C /* Cute_App */,
			);
			name = Cute_App;
			packageProductDependencies = (
			);
			productName = Cute_App;
			productReference = 2E01F2312CE5A8FB00F6E27C /* Cute_App.app */;
			productType = "com.apple.product-type.application";
		};
		2E01F2402CE5A8FD00F6E27C /* Cute_AppTests */ = {
			isa = PBXNativeTarget;
			buildConfigurationList = 2E01F2582CE5A8FE00F6E27C /* Build configuration list for PBXNativeTarget "Cute_AppTests" */;
			buildPhases = (
				2E01F23D2CE5A8FD00F6E27C /* Sources */,
				2E01F23E2CE5A8FD00F6E27C /* Frameworks */,
				2E01F23F2CE5A8FD00F6E27C /* Resources */,
			);
			buildRules = (
			);
			dependencies = (
				2E01F2432CE5A8FD00F6E27C /* PBXTargetDependency */,
			);
			fileSystemSynchronizedGroups = (
				2E01F2442CE5A8FD00F6E27C /* Cute_AppTests */,
			);
			name = Cute_AppTests;
			packageProductDependencies = (
			);
			productName = Cute_AppTests;
			productReference = 2E01F2412CE5A8FD00F6E27C /* Cute_AppTests.xctest */;
			productType = "com.apple.product-type.bundle.unit-test";
		};
		2E01F24A2CE5A8FE00F6E27C /* Cute_AppUITests */ = {
			isa = PBXNativeTarget;
			buildConfigurationList = 2E01F25B2CE5A8FE00F6E27C /* Build configuration list for PBXNativeTarget "Cute_AppUITests" */;
			buildPhases = (
				2E01F2472CE5A8FE00F6E27C /* Sources */,
				2E01F2482CE5A8FE00F6E27C /* Frameworks */,
				2E01F2492CE5A8FE00F6E27C /* Resources */,
			);
			buildRules = (
			);
			dependencies = (
				2E01F24D2CE5A8FE00F6E27C /* PBXTargetDependency */,
			);
			fileSystemSynchronizedGroups = (
				2E01F24E2CE5A8FE00F6E27C /* Cute_AppUITests */,
			);
			name = Cute_AppUITests;
			packageProductDependencies = (
			);
			productName = Cute_AppUITests;
			productReference = 2E01F24B2CE5A8FE00F6E27C /* Cute_AppUITests.xctest */;
			productType = "com.apple.product-type.bundle.ui-testing";
		};
/* End PBXNativeTarget section */

/* Begin PBXProject section */
		2E01F2292CE5A8FB00F6E27C /* Project object */ = {
			isa = PBXProject;
			attributes = {
				BuildIndependentTargetsInParallel = 1;
				LastSwiftUpdateCheck = 1610;
				LastUpgradeCheck = 1610;
				TargetAttributes = {
					2E01F2302CE5A8FB00F6E27C = {
						CreatedOnToolsVersion = 16.1;
					};
					2E01F2402CE5A8FD00F6E27C = {
						CreatedOnToolsVersion = 16.1;
						TestTargetID = 2E01F2302CE5A8FB00F6E27C;
					};
					2E01F24A2CE5A8FE00F6E27C = {
						CreatedOnToolsVersion = 16.1;
						TestTargetID = 2E01F2302CE5A8FB00F6E27C;
					};
				};
			};
			buildConfigurationList = 2E01F22C2CE5A8FB00F6E27C /* Build configuration list for PBXProject "Cute_App" */;
			developmentRegion = en;
			hasScannedForEncodings = 0;
			knownRegions = (
				en,
				Base,
			);
			mainGroup = 2E01F2282CE5A8FB00F6E27C;
			minimizedProjectReferenceProxies = 1;
			preferredProjectObjectVersion = 77;
			productRefGroup = 2E01F2322CE5A8FB00F6E27C /* Products */;
			projectDirPath = "";
			projectRoot = "";
			targets = (
				2E01F2302CE5A8FB00F6E27C /* Cute_App */,
				2E01F2402CE5A8FD00F6E27C /* Cute_AppTests */,
				2E01F24A2CE5A8FE00F6E27C /* Cute_AppUITests */,
			);
		};
/* End PBXProject section */

/* Begin PBXResourcesBuildPhase section */
		2E01F22F2CE5A8FB00F6E27C /* Resources */ = {
			isa = PBXResourcesBuildPhase;
			buildActionMask = 2147483647;
			files = (
			);
			runOnlyForDeploymentPostprocessing = 0;
		};
		2E01F23F2CE5A8FD00F6E27C /* Resources */ = {
			isa = PBXResourcesBuildPhase;
			buildActionMask = 2147483647;
			files = (
			);
			runOnlyForDeploymentPostprocessing = 0;
		};
		2E01F2492CE5A8FE00F6E27C /* Resources */ = {
			isa = PBXResourcesBuildPhase;
			buildActionMask = 2147483647;
			files = (
			);
			runOnlyForDeploymentPostprocessing = 0;
		};
/* End PBXResourcesBuildPhase section */

/* Begin PBXSourcesBuildPhase section */
		2E01F22D2CE5A8FB00F6E27C /* Sources */ = {
			isa = PBXSourcesBuildPhase;
			buildActionMask = 2147483647;
			files = (
			);
			runOnlyForDeploymentPostprocessing = 0;
		};
		2E01F23D2CE5A8FD00F6E27C /* Sources */ = {
			isa = PBXSourcesBuildPhase;
			buildActionMask = 2147483647;
			files = (
			);
			runOnlyForDeploymentPostprocessing = 0;
		};
		2E01F2472CE5A8FE00F6E27C /* Sources */ = {
			isa = PBXSourcesBuildPhase;
			buildActionMask = 2147483647;
			files = (
			);
			runOnlyForDeploymentPostprocessing = 0;
		};
/* End PBXSourcesBuildPhase section */

/* Begin PBXTargetDependency section */
		2E01F2432CE5A8FD00F6E27C /* PBXTargetDependency */ = {
			isa = PBXTargetDependency;
			target = 2E01F2302CE5A8FB00F6E27C /* Cute_App */;
			targetProxy = 2E01F2422CE5A8FD00F6E27C /* PBXContainerItemProxy */;
		};
		2E01F24D2CE5A8FE00F6E27C /* PBXTargetDependency */ = {
			isa = PBXTargetDependency;
			target = 2E01F2302CE5A8FB00F6E27C /* Cute_App */;
			targetProxy = 2E01F24C2CE5A8FE00F6E27C /* PBXContainerItemProxy */;
		};
/* End PBXTargetDependency section */

/* Begin XCBuildConfiguration section */
		2E01F2532CE5A8FE00F6E27C /* Debug */ = {
			isa = XCBuildConfiguration;
			buildSettings = {
				ALWAYS_SEARCH_USER_PATHS = NO;
				ASSETCATALOG_COMPILER_GENERATE_SWIFT_ASSET_SYMBOL_EXTENSIONS = YES;
				CLANG_ANALYZER_NONNULL = YES;
				CLANG_ANALYZER_NUMBER_OBJECT_CONVERSION = YES_AGGRESSIVE;
				CLANG_CXX_LANGUAGE_STANDARD = "gnu++20";
				CLANG_ENABLE_MODULES = YES;
				CLANG_ENABLE_OBJC_ARC = YES;
				CLANG_ENABLE_OBJC_WEAK = YES;
				CLANG_WARN_BLOCK_CAPTURE_AUTORELEASING = YES;
				CLANG_WARN_BOOL_CONVERSION = YES;
				CLANG_WARN_COMMA = YES;
				CLANG_WARN_CONSTANT_CONVERSION = YES;
				CLANG_WARN_DEPRECATED_OBJC_IMPLEMENTATIONS = YES;
				CLANG_WARN_DIRECT_OBJC_ISA_USAGE = YES_ERROR;
				CLANG_WARN_DOCUMENTATION_COMMENTS = YES;
				CLANG_WARN_EMPTY_BODY = YES;
				CLANG_WARN_ENUM_CONVERSION = YES;
				CLANG_WARN_INFINITE_RECURSION = YES;
				CLANG_WARN_INT_CONVERSION = YES;
				CLANG_WARN_NON_LITERAL_NULL_CONVERSION = YES;
				CLANG_WARN_OBJC_IMPLICIT_RETAIN_SELF = YES;
				CLANG_WARN_OBJC_LITERAL_CONVERSION = YES;
				CLANG_WARN_OBJC_ROOT_CLASS = YES_ERROR;
				CLANG_WARN_QUOTED_INCLUDE_IN_FRAMEWORK_HEADER = YES;
				CLANG_WARN_RANGE_LOOP_ANALYSIS = YES;
				CLANG_WARN_STRICT_PROTOTYPES = YES;
				CLANG_WARN_SUSPICIOUS_MOVE = YES;
				CLANG_WARN_UNGUARDED_AVAILABILITY = YES_AGGRESSIVE;
				CLANG_WARN_UNREACHABLE_CODE = YES;
				CLANG_WARN__DUPLICATE_METHOD_MATCH = YES;
				COPY_PHASE_STRIP = NO;
				DEBUG_INFORMATION_FORMAT = dwarf;
				ENABLE_STRICT_OBJC_MSGSEND = YES;
				ENABLE_TESTABILITY = YES;
				ENABLE_USER_SCRIPT_SANDBOXING = YES;
				GCC_C_LANGUAGE_STANDARD = gnu17;
				GCC_DYNAMIC_NO_PIC = NO;
				GCC_NO_COMMON_BLOCKS = YES;
				GCC_OPTIMIZATION_LEVEL = 0;
				GCC_PREPROCESSOR_DEFINITIONS = (
					"DEBUG=1",
					"$(inherited)",
				);
				GCC_WARN_64_TO_32_BIT_CONVERSION = YES;
				GCC_WARN_ABOUT_RETURN_TYPE = YES_ERROR;
				GCC_WARN_UNDECLARED_SELECTOR = YES;
				GCC_WARN_UNINITIALIZED_AUTOS = YES_AGGRESSIVE;
				GCC_WARN_UNUSED_FUNCTION = YES;
				GCC_WARN_UNUSED_VARIABLE = YES;
				IPHONEOS_DEPLOYMENT_TARGET = 18.1;
				LOCALIZATION_PREFERS_STRING_CATALOGS = YES;
				MTL_ENABLE_DEBUG_INFO = INCLUDE_SOURCE;
				MTL_FAST_MATH = YES;
				ONLY_ACTIVE_ARCH = YES;
				SDKROOT = iphoneos;
				SWIFT_ACTIVE_COMPILATION_CONDITIONS = "DEBUG $(inherited)";
				SWIFT_OPTIMIZATION_LEVEL = "-Onone";
			};
			name = Debug;
		};
		2E01F2542CE5A8FE00F6E27C /* Release */ = {
			isa = XCBuildConfiguration;
			buildSettings = {
				ALWAYS_SEARCH_USER_PATHS = NO;
				ASSETCATALOG_COMPILER_GENERATE_SWIFT_ASSET_SYMBOL_EXTENSIONS = YES;
				CLANG_ANALYZER_NONNULL = YES;
				CLANG_ANALYZER_NUMBER_OBJECT_CONVERSION = YES_AGGRESSIVE;
				CLANG_CXX_LANGUAGE_STANDARD = "gnu++20";
				CLANG_ENABLE_MODULES = YES;
				CLANG_ENABLE_OBJC_ARC = YES;
				CLANG_ENABLE_OBJC_WEAK = YES;
				CLANG_WARN_BLOCK_CAPTURE_AUTORELEASING = YES;
				CLANG_WARN_BOOL_CONVERSION = YES;
				CLANG_WARN_COMMA = YES;
				CLANG_WARN_CONSTANT_CONVERSION = YES;
				CLANG_WARN_DEPRECATED_OBJC_IMPLEMENTATIONS = YES;
				CLANG_WARN_DIRECT_OBJC_ISA_USAGE = YES_ERROR;
				CLANG_WARN_DOCUMENTATION_COMMENTS = YES;
				CLANG_WARN_EMPTY_BODY = YES;
				CLANG_WARN_ENUM_CONVERSION = YES;
				CLANG_WARN_INFINITE_RECURSION = YES;
				CLANG_WARN_INT_CONVERSION = YES;
				CLANG_WARN_NON_LITERAL_NULL_CONVERSION = YES;
				CLANG_WARN_OBJC_IMPLICIT_RETAIN_SELF = YES;
				CLANG_WARN_OBJC_LITERAL_CONVERSION = YES;
				CLANG_WARN_OBJC_ROOT_CLASS = YES_ERROR;
				CLANG_WARN_QUOTED_INCLUDE_IN_FRAMEWORK_HEADER = YES;
				CLANG_WARN_RANGE_LOOP_ANALYSIS = YES;
				CLANG_WARN_STRICT_PROTOTYPES = YES;
				CLANG_WARN_SUSPICIOUS_MOVE = YES;
				CLANG_WARN_UNGUARDED_AVAILABILITY = YES_AGGRESSIVE;
				CLANG_WARN_UNREACHABLE_CODE = YES;
				CLANG_WARN__DUPLICATE_METHOD_MATCH = YES;
				COPY_PHASE_STRIP = NO;
				DEBUG_INFORMATION_FORMAT = "dwarf-with-dsym";
				ENABLE_NS_ASSERTIONS = NO;
				ENABLE_STRICT_OBJC_MSGSEND = YES;
				ENABLE_USER_SCRIPT_SANDBOXING = YES;
				GCC_C_LANGUAGE_STANDARD = gnu17;
				GCC_NO_COMMON_BLOCKS = YES;
				GCC_WARN_64_TO_32_BIT_CONVERSION = YES;
				GCC_WARN_ABOUT_RETURN_TYPE = YES_ERROR;
				GCC_WARN_UNDECLARED_SELECTOR = YES;
				GCC_WARN_UNINITIALIZED_AUTOS = YES_AGGRESSIVE;
				GCC_WARN_UNUSED_FUNCTION = YES;
				GCC_WARN_UNUSED_VARIABLE = YES;
				IPHONEOS_DEPLOYMENT_TARGET = 18.1;
				LOCALIZATION_PREFERS_STRING_CATALOGS = YES;
				MTL_ENABLE_DEBUG_INFO = NO;
				MTL_FAST_MATH = YES;
				SDKROOT = iphoneos;
				SWIFT_COMPILATION_MODE = wholemodule;
				VALIDATE_PRODUCT = YES;
			};
			name = Release;
		};
		2E01F2562CE5A8FE00F6E27C /* Debug */ = {
			isa = XCBuildConfiguration;
			buildSettings = {
				ASSETCATALOG_COMPILER_APPICON_NAME = AppIcon;
				ASSETCATALOG_COMPILER_GLOBAL_ACCENT_COLOR_NAME = AccentColor;
				CODE_SIGN_STYLE = Automatic;
				CURRENT_PROJECT_VERSION = 1;
				DEVELOPMENT_ASSET_PATHS = "\"Cute_App/Preview Content\"";
				DEVELOPMENT_TEAM = V668KYT3Q5;
				ENABLE_PREVIEWS = YES;
				GENERATE_INFOPLIST_FILE = YES;
				INFOPLIST_KEY_UIApplicationSceneManifest_Generation = YES;
				INFOPLIST_KEY_UIApplicationSupportsIndirectInputEvents = YES;
				INFOPLIST_KEY_UILaunchScreen_Generation = YES;
				INFOPLIST_KEY_UISupportedInterfaceOrientations_iPad = "UIInterfaceOrientationPortrait UIInterfaceOrientationPortraitUpsideDown UIInterfaceOrientationLandscapeLeft UIInterfaceOrientationLandscapeRight";
				INFOPLIST_KEY_UISupportedInterfaceOrientations_iPhone = "UIInterfaceOrientationPortrait UIInterfaceOrientationLandscapeLeft UIInterfaceOrientationLandscapeRight";
				LD_RUNPATH_SEARCH_PATHS = (
					"$(inherited)",
					"@executable_path/Frameworks",
				);
				MARKETING_VERSION = 1.0;
				PRODUCT_BUNDLE_IDENTIFIER = "com.kostas.Cute-App";
				PRODUCT_NAME = "$(TARGET_NAME)";
				SWIFT_EMIT_LOC_STRINGS = YES;
				SWIFT_VERSION = 5.0;
				TARGETED_DEVICE_FAMILY = "1,2";
			};
			name = Debug;
		};
		2E01F2572CE5A8FE00F6E27C /* Release */ = {
			isa = XCBuildConfiguration;
			buildSettings = {
				ASSETCATALOG_COMPILER_APPICON_NAME = AppIcon;
				ASSETCATALOG_COMPILER_GLOBAL_ACCENT_COLOR_NAME = AccentColor;
				CODE_SIGN_STYLE = Automatic;
				CURRENT_PROJECT_VERSION = 1;
				DEVELOPMENT_ASSET_PATHS = "\"Cute_App/Preview Content\"";
				DEVELOPMENT_TEAM = V668KYT3Q5;
				ENABLE_PREVIEWS = YES;
				GENERATE_INFOPLIST_FILE = YES;
				INFOPLIST_KEY_UIApplicationSceneManifest_Generation = YES;
				INFOPLIST_KEY_UIApplicationSupportsIndirectInputEvents = YES;
				INFOPLIST_KEY_UILaunchScreen_Generation = YES;
				INFOPLIST_KEY_UISupportedInterfaceOrientations_iPad = "UIInterfaceOrientationPortrait UIInterfaceOrientationPortraitUpsideDown UIInterfaceOrientationLandscapeLeft UIInterfaceOrientationLandscapeRight";
				INFOPLIST_KEY_UISupportedInterfaceOrientations_iPhone = "UIInterfaceOrientationPortrait UIInterfaceOrientationLandscapeLeft UIInterfaceOrientationLandscapeRight";
				LD_RUNPATH_SEARCH_PATHS = (
					"$(inherited)",
					"@executable_path/Frameworks",
				);
				MARKETING_VERSION = 1.0;
				PRODUCT_BUNDLE_IDENTIFIER = "com.kostas.Cute-App";
				PRODUCT_NAME = "$(TARGET_NAME)";
				SWIFT_EMIT_LOC_STRINGS = YES;
				SWIFT_VERSION = 5.0;
				TARGETED_DEVICE_FAMILY = "1,2";
			};
			name = Release;
		};
		2E01F2592CE5A8FE00F6E27C /* Debug */ = {
			isa = XCBuildConfiguration;
			buildSettings = {
				BUNDLE_LOADER = "$(TEST_HOST)";
				CODE_SIGN_STYLE = Automatic;
				CURRENT_PROJECT_VERSION = 1;
				DEVELOPMENT_TEAM = V668KYT3Q5;
				GENERATE_INFOPLIST_FILE = YES;
				IPHONEOS_DEPLOYMENT_TARGET = 18.1;
				MARKETING_VERSION = 1.0;
				PRODUCT_BUNDLE_IDENTIFIER = "com.kostas.Cute-AppTests";
				PRODUCT_NAME = "$(TARGET_NAME)";
				SWIFT_EMIT_LOC_STRINGS = NO;
				SWIFT_VERSION = 5.0;
				TARGETED_DEVICE_FAMILY = "1,2";
				TEST_HOST = "$(BUILT_PRODUCTS_DIR)/Cute_App.app/$(BUNDLE_EXECUTABLE_FOLDER_PATH)/Cute_App";
			};
			name = Debug;
		};
		2E01F25A2CE5A8FE00F6E27C /* Release */ = {
			isa = XCBuildConfiguration;
			buildSettings = {
				BUNDLE_LOADER = "$(TEST_HOST)";
				CODE_SIGN_STYLE = Automatic;
				CURRENT_PROJECT_VERSION = 1;
				DEVELOPMENT_TEAM = V668KYT3Q5;
				GENERATE_INFOPLIST_FILE = YES;
				IPHONEOS_DEPLOYMENT_TARGET = 18.1;
				MARKETING_VERSION = 1.0;
				PRODUCT_BUNDLE_IDENTIFIER = "com.kostas.Cute-AppTests";
				PRODUCT_NAME = "$(TARGET_NAME)";
				SWIFT_EMIT_LOC_STRINGS = NO;
				SWIFT_VERSION = 5.0;
				TARGETED_DEVICE_FAMILY = "1,2";
				TEST_HOST = "$(BUILT_PRODUCTS_DIR)/Cute_App.app/$(BUNDLE_EXECUTABLE_FOLDER_PATH)/Cute_App";
			};
			name = Release;
		};
		2E01F25C2CE5A8FE00F6E27C /* Debug */ = {
			isa = XCBuildConfiguration;
			buildSettings = {
				CODE_SIGN_STYLE = Automatic;
				CURRENT_PROJECT_VERSION = 1;
				DEVELOPMENT_TEAM = V668KYT3Q5;
				GENERATE_INFOPLIST_FILE = YES;
				MARKETING_VERSION = 1.0;
				PRODUCT_BUNDLE_IDENTIFIER = "com.kostas.Cute-AppUITests";
				PRODUCT_NAME = "$(TARGET_NAME)";
				SWIFT_EMIT_LOC_STRINGS = NO;
				SWIFT_VERSION = 5.0;
				TARGETED_DEVICE_FAMILY = "1,2";
				TEST_TARGET_NAME = Cute_App;
			};
			name = Debug;
		};
		2E01F25D2CE5A8FE00F6E27C /* Release */ = {
			isa = XCBuildConfiguration;
			buildSettings = {
				CODE_SIGN_STYLE = Automatic;
				CURRENT_PROJECT_VERSION = 1;
				DEVELOPMENT_TEAM = V668KYT3Q5;
				GENERATE_INFOPLIST_FILE = YES;
				MARKETING_VERSION = 1.0;
				PRODUCT_BUNDLE_IDENTIFIER = "com.kostas.Cute-AppUITests";
				PRODUCT_NAME = "$(TARGET_NAME)";
				SWIFT_EMIT_LOC_STRINGS = NO;
				SWIFT_VERSION = 5.0;
				TARGETED_DEVICE_FAMILY = "1,2";
				TEST_TARGET_NAME = Cute_App;
			};
			name = Release;
		};
/* End XCBuildConfiguration section */

/* Begin XCConfigurationList section */
		2E01F22C2CE5A8FB00F6E27C /* Build configuration list for PBXProject "Cute_App" */ = {
			isa = XCConfigurationList;
			buildConfigurations = (
				2E01F2532CE5A8FE00F6E27C /* Debug */,
				2E01F2542CE5A8FE00F6E27C /* Release */,
			);
			defaultConfigurationIsVisible = 0;
			defaultConfigurationName = Release;
		};
		2E01F2552CE5A8FE00F6E27C /* Build configuration list for PBXNativeTarget "Cute_App" */ = {
			isa = XCConfigurationList;
			buildConfigurations = (
				2E01F2562CE5A8FE00F6E27C /* Debug */,
				2E01F2572CE5A8FE00F6E27C /* Release */,
			);
			defaultConfigurationIsVisible = 0;
			defaultConfigurationName = Release;
		};
		2E01F2582CE5A8FE00F6E27C /* Build configuration list for PBXNativeTarget "Cute_AppTests" */ = {
			isa = XCConfigurationList;
			buildConfigurations = (
				2E01F2592CE5A8FE00F6E27C /* Debug */,
				2E01F25A2CE5A8FE00F6E27C /* Release */,
			);
			defaultConfigurationIsVisible = 0;
			defaultConfigurationName = Release;
		};
		2E01F25B2CE5A8FE00F6E27C /* Build configuration list for PBXNativeTarget "Cute_AppUITests" */ = {
			isa = XCConfigurationList;
			buildConfigurations = (
				2E01F25C2CE5A8FE00F6E27C /* Debug */,
				2E01F25D2CE5A8FE00F6E27C /* Release */,
			);
			defaultConfigurationIsVisible = 0;
			defaultConfigurationName = Release;
		};
/* End XCConfigurationList section */
	};
	rootObject = 2E01F2292CE5A8FB00F6E27C /* Project object */;
}
